
Microsoft Visual Studio Solution File, Format Version 12.00
# Visual Studio Version 16
VisualStudioVersion = 16.0.29409.12
MinimumVisualStudioVersion = 10.0.40219.1
Project("{FAE04EC0-301F-11D3-BF4B-00C04F79EFBC}") = "Sudoku", "Sudoku\Sudoku.csproj", "{A1837EFB-7353-4F75-BE69-83CA6C61FC7E}"
EndProject
Global
	GlobalSection(SolutionConfigurationPlatforms) = preSolution
		Debug|Any CPU = Debug|Any CPU
		Release|Any CPU = Release|Any CPU
	EndGlobalSection
	GlobalSection(ProjectConfigurationPlatforms) = postSolution
		{A1837EFB-7353-4F75-BE69-83CA6C61FC7E}.Debug|Any CPU.ActiveCfg = Debug|Any CPU
		{A1837EFB-7353-4F75-BE69-83CA6C61FC7E}.Debug|Any CPU.Build.0 = Debug|Any CPU
		{A1837EFB-7353-4F75-BE69-83CA6C61FC7E}.Release|Any CPU.ActiveCfg = Release|Any CPU
		{A1837EFB-7353-4F75-BE69-83CA6C61FC7E}.Release|Any CPU.Build.0 = Release|Any CPU
	EndGlobalSection
	GlobalSection(SolutionProperties) = preSolution
		HideSolutionNode = FALSE
	EndGlobalSection
	GlobalSection(ExtensibilityGlobals) = postSolution
		SolutionGuid = {068C2CF8-D72F-4ECB-B1B7-DD7CE958D432}
	EndGlobalSection
EndGlobal
